
Microsoft Visual Studio Solution File, Format Version 12.00
# Visual Studio Version 16
VisualStudioVersion = 16.0.29326.143
MinimumVisualStudioVersion = 10.0.40219.1
Project("{FAE04EC0-301F-11D3-BF4B-00C04F79EFBC}") = "XamarinApp.Android", "XamarinApp\XamarinApp.Android\XamarinApp.Android.csproj", "{EF872B18-7250-43FF-B56C-7E68F20A0A34}"
EndProject
Project("{FAE04EC0-301F-11D3-BF4B-00C04F79EFBC}") = "XamarinApp.iOS", "XamarinApp\XamarinApp.iOS\XamarinApp.iOS.csproj", "{D369B3F1-BDF0-4445-9208-B49C7E5928AE}"
EndProject
Project("{FAE04EC0-301F-11D3-BF4B-00C04F79EFBC}") = "XamarinApp", "XamarinApp\XamarinApp\XamarinApp.csproj", "{CA696CB4-368B-4C86-B649-E627434BCE1C}"
EndProject
Global
	GlobalSection(SolutionConfigurationPlatforms) = preSolution
		Debug|Any CPU = Debug|Any CPU
		Debug|iPhone = Debug|iPhone
		Debug|iPhoneSimulator = Debug|iPhoneSimulator
		Release|Any CPU = Release|Any CPU
		Release|iPhone = Release|iPhone
		Release|iPhoneSimulator = Release|iPhoneSimulator
	EndGlobalSection
	GlobalSection(ProjectConfigurationPlatforms) = postSolution
		{EF872B18-7250-43FF-B56C-7E68F20A0A34}.Debug|Any CPU.ActiveCfg = Debug|Any CPU
		{EF872B18-7250-43FF-B56C-7E68F20A0A34}.Debug|Any CPU.Build.0 = Debug|Any CPU
		{EF872B18-7250-43FF-B56C-7E68F20A0A34}.Debug|Any CPU.Deploy.0 = Debug|Any CPU
		{EF872B18-7250-43FF-B56C-7E68F20A0A34}.Debug|iPhone.ActiveCfg = Debug|Any CPU
		{EF872B18-7250-43FF-B56C-7E68F20A0A34}.Debug|iPhone.Build.0 = Debug|Any CPU
		{EF872B18-7250-43FF-B56C-7E68F20A0A34}.Debug|iPhone.Deploy.0 = Debug|Any CPU
		{EF872B18-7250-43FF-B56C-7E68F20A0A34}.Debug|iPhoneSimulator.ActiveCfg = Debug|Any CPU
		{EF872B18-7250-43FF-B56C-7E68F20A0A34}.Debug|iPhoneSimulator.Build.0 = Debug|Any CPU
		{EF872B18-7250-43FF-B56C-7E68F20A0A34}.Debug|iPhoneSimulator.Deploy.0 = Debug|Any CPU
		{EF872B18-7250-43FF-B56C-7E68F20A0A34}.Release|Any CPU.ActiveCfg = Release|Any CPU
		{EF872B18-7250-43FF-B56C-7E68F20A0A34}.Release|Any CPU.Build.0 = Release|Any CPU
		{EF872B18-7250-43FF-B56C-7E68F20A0A34}.Release|Any CPU.Deploy.0 = Release|Any CPU
		{EF872B18-7250-43FF-B56C-7E68F20A0A34}.Release|iPhone.ActiveCfg = Release|Any CPU
		{EF872B18-7250-43FF-B56C-7E68F20A0A34}.Release|iPhone.Build.0 = Release|Any CPU
		{EF872B18-7250-43FF-B56C-7E68F20A0A34}.Release|iPhone.Deploy.0 = Release|Any CPU
		{EF872B18-7250-43FF-B56C-7E68F20A0A34}.Release|iPhoneSimulator.ActiveCfg = Release|Any CPU
		{EF872B18-7250-43FF-B56C-7E68F20A0A34}.Release|iPhoneSimulator.Build.0 = Release|Any CPU
		{EF872B18-7250-43FF-B56C-7E68F20A0A34}.Release|iPhoneSimulator.Deploy.0 = Release|Any CPU
		{D369B3F1-BDF0-4445-9208-B49C7E5928AE}.Debug|Any CPU.ActiveCfg = Debug|iPhoneSimulator
		{D369B3F1-BDF0-4445-9208-B49C7E5928AE}.Debug|Any CPU.Build.0 = Debug|iPhoneSimulator
		{D369B3F1-BDF0-4445-9208-B49C7E5928AE}.Debug|Any CPU.Deploy.0 = Debug|iPhoneSimulator
		{D369B3F1-BDF0-4445-9208-B49C7E5928AE}.Debug|iPhone.ActiveCfg = Debug|iPhone
		{D369B3F1-BDF0-4445-9208-B49C7E5928AE}.Debug|iPhone.Build.0 = Debug|iPhone
		{D369B3F1-BDF0-4445-9208-B49C7E5928AE}.Debug|iPhone.Deploy.0 = Debug|iPhone
		{D369B3F1-BDF0-4445-9208-B49C7E5928AE}.Debug|iPhoneSimulator.ActiveCfg = Debug|iPhoneSimulator
		{D369B3F1-BDF0-4445-9208-B49C7E5928AE}.Debug|iPhoneSimulator.Build.0 = Debug|iPhoneSimulator
		{D369B3F1-BDF0-4445-9208-B49C7E5928AE}.Debug|iPhoneSimulator.Deploy.0 = Debug|iPhoneSimulator
		{D369B3F1-BDF0-4445-9208-B49C7E5928AE}.Release|Any CPU.ActiveCfg = Release|iPhone
		{D369B3F1-BDF0-4445-9208-B49C7E5928AE}.Release|Any CPU.Build.0 = Release|iPhone
		{D369B3F1-BDF0-4445-9208-B49C7E5928AE}.Release|Any CPU.Deploy.0 = Release|iPhone
		{D369B3F1-BDF0-4445-9208-B49C7E5928AE}.Release|iPhone.ActiveCfg = Release|iPhone
		{D369B3F1-BDF0-4445-9208-B49C7E5928AE}.Release|iPhone.Build.0 = Release|iPhone
		{D369B3F1-BDF0-4445-9208-B49C7E5928AE}.Release|iPhone.Deploy.0 = Release|iPhone
		{D369B3F1-BDF0-4445-9208-B49C7E5928AE}.Release|iPhoneSimulator.ActiveCfg = Release|iPhoneSimulator
		{D369B3F1-BDF0-4445-9208-B49C7E5928AE}.Release|iPhoneSimulator.Build.0 = Release|iPhoneSimulator
		{D369B3F1-BDF0-4445-9208-B49C7E5928AE}.Release|iPhoneSimulator.Deploy.0 = Release|iPhoneSimulator
		{CA696CB4-368B-4C86-B649-E627434BCE1C}.Debug|Any CPU.ActiveCfg = Debug|Any CPU
		{CA696CB4-368B-4C86-B649-E627434BCE1C}.Debug|Any CPU.Build.0 = Debug|Any CPU
		{CA696CB4-368B-4C86-B649-E627434BCE1C}.Debug|Any CPU.Deploy.0 = Debug|Any CPU
		{CA696CB4-368B-4C86-B649-E627434BCE1C}.Debug|iPhone.ActiveCfg = Debug|Any CPU
		{CA696CB4-368B-4C86-B649-E627434BCE1C}.Debug|iPhone.Build.0 = Debug|Any CPU
		{CA696CB4-368B-4C86-B649-E627434BCE1C}.Debug|iPhone.Deploy.0 = Debug|Any CPU
		{CA696CB4-368B-4C86-B649-E627434BCE1C}.Debug|iPhoneSimulator.ActiveCfg = Debug|Any CPU
		{CA696CB4-368B-4C86-B649-E627434BCE1C}.Debug|iPhoneSimulator.Build.0 = Debug|Any CPU
		{CA696CB4-368B-4C86-B649-E627434BCE1C}.Debug|iPhoneSimulator.Deploy.0 = Debug|Any CPU
		{CA696CB4-368B-4C86-B649-E627434BCE1C}.Release|Any CPU.ActiveCfg = Release|Any CPU
		{CA696CB4-368B-4C86-B649-E627434BCE1C}.Release|Any CPU.Build.0 = Release|Any CPU
		{CA696CB4-368B-4C86-B649-E627434BCE1C}.Release|Any CPU.Deploy.0 = Release|Any CPU
		{CA696CB4-368B-4C86-B649-E627434BCE1C}.Release|iPhone.ActiveCfg = Release|Any CPU
		{CA696CB4-368B-4C86-B649-E627434BCE1C}.Release|iPhone.Build.0 = Release|Any CPU
		{CA696CB4-368B-4C86-B649-E627434BCE1C}.Release|iPhone.Deploy.0 = Release|Any CPU
		{CA696CB4-368B-4C86-B649-E627434BCE1C}.Release|iPhoneSimulator.ActiveCfg = Release|Any CPU
		{CA696CB4-368B-4C86-B649-E627434BCE1C}.Release|iPhoneSimulator.Build.0 = Release|Any CPU
		{CA696CB4-368B-4C86-B649-E627434BCE1C}.Release|iPhoneSimulator.Deploy.0 = Release|Any CPU
	EndGlobalSection
	GlobalSection(SolutionProperties) = preSolution
		HideSolutionNode = FALSE
	EndGlobalSection
	GlobalSection(ExtensibilityGlobals) = postSolution
		SolutionGuid = {695FC1D0-F289-4255-B386-3D8544F01FB6}
	EndGlobalSection
EndGlobal
